
Microsoft Visual Studio Solution File, Format Version 12.00
# Visual Studio Version 17
VisualStudioVersion = 17.1.31911.260
MinimumVisualStudioVersion = 10.0.40219.1
Project("{FAE04EC0-301F-11D3-BF4B-00C04F79EFBC}") = "c103-hw5-snake-app", "c103-hw5-snake-app\c103-hw5-snake-app.csproj", "{C1C20A7E-A8DE-4BDA-8D4C-E2CDEA3E56BE}"
EndProject
Project("{FAE04EC0-301F-11D3-BF4B-00C04F79EFBC}") = "ce103-hw5-snake-test", "ce103-hw5-snake-test\ce103-hw5-snake-test.csproj", "{48CA72F4-6976-45F1-8360-ACB89094E397}"
EndProject
Project("{FAE04EC0-301F-11D3-BF4B-00C04F79EFBC}") = "ce103-hw5-snake-dll", "ce103-hw5-snake-dll\ce103-hw5-snake-dll.csproj", "{96248A9C-810F-430D-86AC-7EDCD0FA4E52}"
EndProject
Global
	GlobalSection(SolutionConfigurationPlatforms) = preSolution
		Debug|Any CPU = Debug|Any CPU
		Release|Any CPU = Release|Any CPU
	EndGlobalSection
	GlobalSection(ProjectConfigurationPlatforms) = postSolution
		{C1C20A7E-A8DE-4BDA-8D4C-E2CDEA3E56BE}.Debug|Any CPU.ActiveCfg = Debug|Any CPU
		{C1C20A7E-A8DE-4BDA-8D4C-E2CDEA3E56BE}.Debug|Any CPU.Build.0 = Debug|Any CPU
		{C1C20A7E-A8DE-4BDA-8D4C-E2CDEA3E56BE}.Release|Any CPU.ActiveCfg = Release|Any CPU
		{C1C20A7E-A8DE-4BDA-8D4C-E2CDEA3E56BE}.Release|Any CPU.Build.0 = Release|Any CPU
		{48CA72F4-6976-45F1-8360-ACB89094E397}.Debug|Any CPU.ActiveCfg = Debug|Any CPU
		{48CA72F4-6976-45F1-8360-ACB89094E397}.Debug|Any CPU.Build.0 = Debug|Any CPU
		{48CA72F4-6976-45F1-8360-ACB89094E397}.Release|Any CPU.ActiveCfg = Release|Any CPU
		{48CA72F4-6976-45F1-8360-ACB89094E397}.Release|Any CPU.Build.0 = Release|Any CPU
		{96248A9C-810F-430D-86AC-7EDCD0FA4E52}.Debug|Any CPU.ActiveCfg = Debug|Any CPU
		{96248A9C-810F-430D-86AC-7EDCD0FA4E52}.Debug|Any CPU.Build.0 = Debug|Any CPU
		{96248A9C-810F-430D-86AC-7EDCD0FA4E52}.Release|Any CPU.ActiveCfg = Release|Any CPU
		{96248A9C-810F-430D-86AC-7EDCD0FA4E52}.Release|Any CPU.Build.0 = Release|Any CPU
	EndGlobalSection
	GlobalSection(SolutionProperties) = preSolution
		HideSolutionNode = FALSE
	EndGlobalSection
	GlobalSection(ExtensibilityGlobals) = postSolution
		SolutionGuid = {C79F7979-CC84-4E77-ADA4-BF7F82FDA003}
	EndGlobalSection
EndGlobal
